
Microsoft Visual Studio Solution File, Format Version 12.00
# Visual Studio 2012
Project("{FAE04EC0-301F-11D3-BF4B-00C04F79EFBC}") = "Reporting", "Reporting\Reporting.csproj", "{8E6518B1-69DB-4B27-B7E8-5343FC659285}"
EndProject
Project("{FAE04EC0-301F-11D3-BF4B-00C04F79EFBC}") = "Core", "Core\Core.csproj", "{932BB763-879B-47F8-92AD-C0181A68E97E}"
EndProject
Project("{FAE04EC0-301F-11D3-BF4B-00C04F79EFBC}") = "Tests", "Tests\Tests.csproj", "{93931C55-C3F6-40B6-8216-8DB4777F048B}"
EndProject
Project("{2150E333-8FDC-42A3-9474-1A3956D46DE8}") = ".nuget", ".nuget", "{8B6CD8D0-F918-4F1D-AE5D-5BC20185F91F}"
	ProjectSection(SolutionItems) = preProject
		.nuget\packages.config = .nuget\packages.config
	EndProjectSection
EndProject
Global
	GlobalSection(SolutionConfigurationPlatforms) = preSolution
		Debug|Any CPU = Debug|Any CPU
		Release|Any CPU = Release|Any CPU
	EndGlobalSection
	GlobalSection(ProjectConfigurationPlatforms) = postSolution
		{8E6518B1-69DB-4B27-B7E8-5343FC659285}.Debug|Any CPU.ActiveCfg = Debug|Any CPU
		{8E6518B1-69DB-4B27-B7E8-5343FC659285}.Debug|Any CPU.Build.0 = Debug|Any CPU
		{8E6518B1-69DB-4B27-B7E8-5343FC659285}.Release|Any CPU.ActiveCfg = Release|Any CPU
		{8E6518B1-69DB-4B27-B7E8-5343FC659285}.Release|Any CPU.Build.0 = Release|Any CPU
		{932BB763-879B-47F8-92AD-C0181A68E97E}.Debug|Any CPU.ActiveCfg = Debug|Any CPU
		{932BB763-879B-47F8-92AD-C0181A68E97E}.Debug|Any CPU.Build.0 = Debug|Any CPU
		{932BB763-879B-47F8-92AD-C0181A68E97E}.Release|Any CPU.ActiveCfg = Release|Any CPU
		{932BB763-879B-47F8-92AD-C0181A68E97E}.Release|Any CPU.Build.0 = Release|Any CPU
		{93931C55-C3F6-40B6-8216-8DB4777F048B}.Debug|Any CPU.ActiveCfg = Debug|Any CPU
		{93931C55-C3F6-40B6-8216-8DB4777F048B}.Debug|Any CPU.Build.0 = Debug|Any CPU
		{93931C55-C3F6-40B6-8216-8DB4777F048B}.Release|Any CPU.ActiveCfg = Release|Any CPU
		{93931C55-C3F6-40B6-8216-8DB4777F048B}.Release|Any CPU.Build.0 = Release|Any CPU
	EndGlobalSection
	GlobalSection(SolutionProperties) = preSolution
		HideSolutionNode = FALSE
	EndGlobalSection
EndGlobal
